
Microsoft Visual Studio Solution File, Format Version 12.00
# Visual Studio Version 16
VisualStudioVersion = 16.0.31321.278
MinimumVisualStudioVersion = 10.0.40219.1
Project("{FAE04EC0-301F-11D3-BF4B-00C04F79EFBC}") = "ComplainSystemWEB", "ComplainSystemWEB.csproj", "{6235B00F-CEA8-474C-A383-0685FCAD18D8}"
EndProject
Project("{FAE04EC0-301F-11D3-BF4B-00C04F79EFBC}") = "ComplainSystemBAL", "..\ComplainSystemBAL\ComplainSystemBAL.csproj", "{604FDB63-C214-432A-B1D1-5B7A52319EF5}"
EndProject
Project("{FAE04EC0-301F-11D3-BF4B-00C04F79EFBC}") = "ComplainSystemUtility", "..\ComplainSystemUtility\ComplainSystemUtility.csproj", "{3CC91C73-4E54-49C1-BDC5-404075763094}"
EndProject
Global
	GlobalSection(SolutionConfigurationPlatforms) = preSolution
		Debug|Any CPU = Debug|Any CPU
		Release|Any CPU = Release|Any CPU
	EndGlobalSection
	GlobalSection(ProjectConfigurationPlatforms) = postSolution
		{6235B00F-CEA8-474C-A383-0685FCAD18D8}.Debug|Any CPU.ActiveCfg = Debug|Any CPU
		{6235B00F-CEA8-474C-A383-0685FCAD18D8}.Debug|Any CPU.Build.0 = Debug|Any CPU
		{6235B00F-CEA8-474C-A383-0685FCAD18D8}.Release|Any CPU.ActiveCfg = Release|Any CPU
		{6235B00F-CEA8-474C-A383-0685FCAD18D8}.Release|Any CPU.Build.0 = Release|Any CPU
		{604FDB63-C214-432A-B1D1-5B7A52319EF5}.Debug|Any CPU.ActiveCfg = Debug|Any CPU
		{604FDB63-C214-432A-B1D1-5B7A52319EF5}.Debug|Any CPU.Build.0 = Debug|Any CPU
		{604FDB63-C214-432A-B1D1-5B7A52319EF5}.Release|Any CPU.ActiveCfg = Release|Any CPU
		{604FDB63-C214-432A-B1D1-5B7A52319EF5}.Release|Any CPU.Build.0 = Release|Any CPU
		{3CC91C73-4E54-49C1-BDC5-404075763094}.Debug|Any CPU.ActiveCfg = Debug|Any CPU
		{3CC91C73-4E54-49C1-BDC5-404075763094}.Debug|Any CPU.Build.0 = Debug|Any CPU
		{3CC91C73-4E54-49C1-BDC5-404075763094}.Release|Any CPU.ActiveCfg = Release|Any CPU
		{3CC91C73-4E54-49C1-BDC5-404075763094}.Release|Any CPU.Build.0 = Release|Any CPU
	EndGlobalSection
	GlobalSection(SolutionProperties) = preSolution
		HideSolutionNode = FALSE
	EndGlobalSection
	GlobalSection(ExtensibilityGlobals) = postSolution
		SolutionGuid = {C24BB459-9854-4306-9658-3F1AB1787CC4}
	EndGlobalSection
EndGlobal
